PODS:
  - AFNetworking (3.1.0):
    - AFNetworking/NSURLSession (= 3.1.0)
    - AFNetworking/Reachability (= 3.1.0)
    - AFNetworking/Security (= 3.1.0)
    - AFNetworking/Serialization (= 3.1.0)
    - AFNetworking/UIKit (= 3.1.0)
  - AFNetworking/NSURLSession (3.1.0):
    - AFNetworking/Reachability
    - AFNetworking/Security
    - AFNetworking/Serialization
  - AFNetworking/Reachability (3.1.0)
  - AFNetworking/Security (3.1.0)
  - AFNetworking/Serialization (3.1.0)
  - AFNetworking/UIKit (3.1.0):
    - AFNetworking/NSURLSession
  - HXWeiboPhotoPicker (2.0.9):
    - SDWebImage (~> 4.0)
  - IQKeyboardManager (5.0.8)
  - JCore (1.1.7)
  - JGProgressHUD (2.0.1)
  - JPush (3.0.8):
    - JCore (~> 1.1.7)
  - Masonry (1.1.0)
  - MJExtension (3.0.13)
  - MJRefresh (3.1.15.3)
  - Realm (3.3.0):
    - Realm/Headers (= 3.3.0)
  - Realm/Headers (3.3.0)
  - SDWebImage (4.4.1):
    - SDWebImage/Core (= 4.4.1)
  - SDWebImage/Core (4.4.1)
  - SobotKit (2.3.3)

DEPENDENCIES:
  - AFNetworking (~> 3.1.0)
  - HXWeiboPhotoPicker (~> 2.0.9)
  - IQKeyboardManager
  - JGProgressHUD
  - JPush
  - Masonry (~> 1.1.0)
  - MJExtension
  - MJRefresh
  - Realm
  - SDWebImage (~> 4.4.1)
  - SobotKit (~> 2.3.0)

SPEC REPOS:
  https://github.com/CocoaPods/Specs.git:
    - AFNetworking
    - HXWeiboPhotoPicker
    - IQKeyboardManager
    - JCore
    - JGProgressHUD
    - JPush
    - Masonry
    - MJExtension
    - MJRefresh
    - Realm
    - SDWebImage
    - SobotKit

SPEC CHECKSUMS:
  AFNetworking: 5e0e199f73d8626b11e79750991f5d173d1f8b67
  HXWeiboPhotoPicker: e395ed32275b05f6c90822ffca1275522f32000c
  IQKeyboardManager: 266cb7b1d11f94a3e71229d77f960f9a1b538e5b
  JCore: f7459c81c135281a874a6beafdd321666adcc834
  JGProgressHUD: 63ad7d8850702a91625fb9ed8e94eab706c03d81
  JPush: 9574d072cc37e93fa293ba69b43ce763c440943a
  Masonry: 678fab65091a9290e40e2832a55e7ab731aad201
  MJExtension: 5932755f451458eefa24239358817f8d291240c7
  MJRefresh: b48380ae2b927b46c4ef000de9adb8dc748e1df7
  Realm: 7d74ad6c5020432f58fe5e1df90bb6d97b2c7fef
  SDWebImage: 47e9b5b925cbce75946c23f0c42dd19464189af4
  SobotKit: 09bdd69653356c3cbe687e1455a65424de3b6287

PODFILE CHECKSUM: 17c5d5566607a62919520aa6c3e88d2f39dce46d

COCOAPODS: 1.5.0
